
Microsoft Visual Studio Solution File, Format Version 12.00
# Visual Studio Version 16
VisualStudioVersion = 16.0.32126.315
MinimumVisualStudioVersion = 10.0.40219.1
Project("{FAE04EC0-301F-11D3-BF4B-00C04F79EFBC}") = "BTL_WebMotor", "BTL_WebMotor.csproj", "{891BDAC9-CC7A-40DB-B52F-7B933B9C36F7}"
EndProject
Global
	GlobalSection(SolutionConfigurationPlatforms) = preSolution
		Debug|Any CPU = Debug|Any CPU
		Release|Any CPU = Release|Any CPU
	EndGlobalSection
	GlobalSection(ProjectConfigurationPlatforms) = postSolution
		{891BDAC9-CC7A-40DB-B52F-7B933B9C36F7}.Debug|Any CPU.ActiveCfg = Debug|Any CPU
		{891BDAC9-CC7A-40DB-B52F-7B933B9C36F7}.Debug|Any CPU.Build.0 = Debug|Any CPU
		{891BDAC9-CC7A-40DB-B52F-7B933B9C36F7}.Release|Any CPU.ActiveCfg = Release|Any CPU
		{891BDAC9-CC7A-40DB-B52F-7B933B9C36F7}.Release|Any CPU.Build.0 = Release|Any CPU
	EndGlobalSection
	GlobalSection(SolutionProperties) = preSolution
		HideSolutionNode = FALSE
	EndGlobalSection
	GlobalSection(ExtensibilityGlobals) = postSolution
		SolutionGuid = {05E78DB1-CC6A-45CC-9950-2718DA4631D0}
	EndGlobalSection
EndGlobal
